
Microsoft Visual Studio Solution File, Format Version 12.00
# Visual Studio Version 16
VisualStudioVersion = 16.0.31410.357
MinimumVisualStudioVersion = 10.0.40219.1
Project("{9A19103F-16F7-4668-BE54-9A1E7A4F7556}") = "Business", "Business\Business.csproj", "{3403E2CD-7867-4325-B59B-9E25ED7F9FA7}"
EndProject
Project("{9A19103F-16F7-4668-BE54-9A1E7A4F7556}") = "Core", "Core\Core.csproj", "{31994A8C-4D33-4511-BF4F-03322BBE40A9}"
EndProject
Project("{9A19103F-16F7-4668-BE54-9A1E7A4F7556}") = "DataAccess", "DataAccess\DataAccess.csproj", "{AEE801D6-0237-47F4-8EFD-1DECA4EDC1F2}"
EndProject
Project("{9A19103F-16F7-4668-BE54-9A1E7A4F7556}") = "Entities", "Entities\Entities.csproj", "{C52EDCA5-FBCB-4662-91EB-9C351C9D3D3E}"
EndProject
Project("{FAE04EC0-301F-11D3-BF4B-00C04F79EFBC}") = "WebApi", "WebApi\WebApi.csproj", "{787C7B89-C7EF-4334-829D-FD4672B4F3B0}"
EndProject
Global
	GlobalSection(SolutionConfigurationPlatforms) = preSolution
		Debug|Any CPU = Debug|Any CPU
		Release|Any CPU = Release|Any CPU
	EndGlobalSection
	GlobalSection(ProjectConfigurationPlatforms) = postSolution
		{3403E2CD-7867-4325-B59B-9E25ED7F9FA7}.Debug|Any CPU.ActiveCfg = Debug|Any CPU
		{3403E2CD-7867-4325-B59B-9E25ED7F9FA7}.Debug|Any CPU.Build.0 = Debug|Any CPU
		{3403E2CD-7867-4325-B59B-9E25ED7F9FA7}.Release|Any CPU.ActiveCfg = Release|Any CPU
		{3403E2CD-7867-4325-B59B-9E25ED7F9FA7}.Release|Any CPU.Build.0 = Release|Any CPU
		{31994A8C-4D33-4511-BF4F-03322BBE40A9}.Debug|Any CPU.ActiveCfg = Debug|Any CPU
		{31994A8C-4D33-4511-BF4F-03322BBE40A9}.Debug|Any CPU.Build.0 = Debug|Any CPU
		{31994A8C-4D33-4511-BF4F-03322BBE40A9}.Release|Any CPU.ActiveCfg = Release|Any CPU
		{31994A8C-4D33-4511-BF4F-03322BBE40A9}.Release|Any CPU.Build.0 = Release|Any CPU
		{AEE801D6-0237-47F4-8EFD-1DECA4EDC1F2}.Debug|Any CPU.ActiveCfg = Debug|Any CPU
		{AEE801D6-0237-47F4-8EFD-1DECA4EDC1F2}.Debug|Any CPU.Build.0 = Debug|Any CPU
		{AEE801D6-0237-47F4-8EFD-1DECA4EDC1F2}.Release|Any CPU.ActiveCfg = Release|Any CPU
		{AEE801D6-0237-47F4-8EFD-1DECA4EDC1F2}.Release|Any CPU.Build.0 = Release|Any CPU
		{C52EDCA5-FBCB-4662-91EB-9C351C9D3D3E}.Debug|Any CPU.ActiveCfg = Debug|Any CPU
		{C52EDCA5-FBCB-4662-91EB-9C351C9D3D3E}.Debug|Any CPU.Build.0 = Debug|Any CPU
		{C52EDCA5-FBCB-4662-91EB-9C351C9D3D3E}.Release|Any CPU.ActiveCfg = Release|Any CPU
		{C52EDCA5-FBCB-4662-91EB-9C351C9D3D3E}.Release|Any CPU.Build.0 = Release|Any CPU
		{787C7B89-C7EF-4334-829D-FD4672B4F3B0}.Debug|Any CPU.ActiveCfg = Debug|Any CPU
		{787C7B89-C7EF-4334-829D-FD4672B4F3B0}.Debug|Any CPU.Build.0 = Debug|Any CPU
		{787C7B89-C7EF-4334-829D-FD4672B4F3B0}.Release|Any CPU.ActiveCfg = Release|Any CPU
		{787C7B89-C7EF-4334-829D-FD4672B4F3B0}.Release|Any CPU.Build.0 = Release|Any CPU
	EndGlobalSection
	GlobalSection(SolutionProperties) = preSolution
		HideSolutionNode = FALSE
	EndGlobalSection
	GlobalSection(ExtensibilityGlobals) = postSolution
		SolutionGuid = {D887EC8E-76B5-45E4-80CE-245B2714619E}
	EndGlobalSection
EndGlobal
